
Microsoft Visual Studio Solution File, Format Version 12.00
# Visual Studio Version 17
VisualStudioVersion = 17.14.36414.22 d17.14
MinimumVisualStudioVersion = 10.0.40219.1
Project("{FAE04EC0-301F-11D3-BF4B-00C04F79EFBC}") = "OrnixMotors", "OrnixMotors\OrnixMotors.csproj", "{7450DF30-11F8-45BF-A125-0E4DB2DC0CFA}"
EndProject
Global
	GlobalSection(SolutionConfigurationPlatforms) = preSolution
		Debug|Any CPU = Debug|Any CPU
		Release|Any CPU = Release|Any CPU
	EndGlobalSection
	GlobalSection(ProjectConfigurationPlatforms) = postSolution
		{7450DF30-11F8-45BF-A125-0E4DB2DC0CFA}.Debug|Any CPU.ActiveCfg = Debug|Any CPU
		{7450DF30-11F8-45BF-A125-0E4DB2DC0CFA}.Debug|Any CPU.Build.0 = Debug|Any CPU
		{7450DF30-11F8-45BF-A125-0E4DB2DC0CFA}.Release|Any CPU.ActiveCfg = Release|Any CPU
		{7450DF30-11F8-45BF-A125-0E4DB2DC0CFA}.Release|Any CPU.Build.0 = Release|Any CPU
	EndGlobalSection
	GlobalSection(SolutionProperties) = preSolution
		HideSolutionNode = FALSE
	EndGlobalSection
	GlobalSection(ExtensibilityGlobals) = postSolution
		SolutionGuid = {B056243F-E3DC-443E-9380-C13052463C54}
	EndGlobalSection
EndGlobal
